<?xml version="1.0" encoding="utf-8"?>
<Project ToolsVersion="4.0" xmlns="http://schemas.microsoft.com/developer/msbuild/2003">
  <ItemGroup>
    <FxCompile Include="BlendedPhongPS.hlsl" />
    <FxCompile Include="BlendedPhongVS.hlsl" />
    <FxCompile Include="ColourBlendPS.hlsl" />
    <FxCompile Include="ColourBlendVS.hlsl" />
    <FxCompile Include="IndexedPhongPS.hlsl" />
    <FxCompile Include="PhongPS.hlsl" />
    <FxCompile Include="PhongVS.hlsl" />
    <FxCompile Include="SolidPS.hlsl" />
    <FxCompile Include="SolidVS.hlsl" />
    <FxCompile Include="TexturedPhongPS.hlsl" />
    <FxCompile Include="TexturedPhongVS.hlsl" />
    <FxCompile Include="TexturePS.hlsl" />
    <FxCompile Include="TextureVS.hlsl" />
  </ItemGroup>
  <ItemGroup>
    <ClCompile Include="App.cpp" />
    <ClCompile Include="Bindable.cpp" />
    <ClCompile Include="Box.cpp" />
    <ClCompile Include="Camera.cpp" />
    <ClCompile Include="Cylinder.cpp" />
    <ClCompile Include="Drawable.cpp" />
    <ClCompile Include="dxerr.cpp" />
    <ClCompile Include="DxgiInfoManager.cpp" />
    <ClCompile Include="GDIPlusManager.cpp" />
    <ClCompile Include="Graphics.cpp" />
    <ClCompile Include="ImguiManager.cpp" />
    <ClCompile Include="imgui\imgui.cpp" />
    <ClCompile Include="imgui\imgui_demo.cpp" />
    <ClCompile Include="imgui\imgui_draw.cpp" />
    <ClCompile Include="imgui\imgui_impl_dx11.cpp" />
    <ClCompile Include="imgui\imgui_impl_win32.cpp" />
    <ClCompile Include="imgui\imgui_widgets.cpp" />
    <ClCompile Include="IndexBuffer.cpp" />
    <ClCompile Include="InputLayout.cpp" />
    <ClCompile Include="Keyboard.cpp" />
    <ClCompile Include="Melon.cpp" />
    <ClCompile Include="Mouse.cpp" />
    <ClCompile Include="PixelShader.cpp" />
    <ClCompile Include="PointLight.cpp" />
    <ClCompile Include="Pyramid.cpp" />
    <ClCompile Include="Sampler.cpp" />
    <ClCompile Include="Sheet.cpp" />
    <ClCompile Include="SkinnedBox.cpp" />
    <ClCompile Include="SolidSphere.cpp" />
    <ClCompile Include="Surface.cpp" />
    <ClCompile Include="Texture.cpp" />
    <ClCompile Include="Timer.cpp" />
    <ClCompile Include="Topology.cpp" />
    <ClCompile Include="TransformCbuf.cpp" />
    <ClCompile Include="VertexBuffer.cpp" />
    <ClCompile Include="VertexShader.cpp" />
    <ClCompile Include="Window.cpp" />
    <ClCompile Include="WindowsMessageMap.cpp" />
    <ClCompile Include="WinExecption.cpp" />
    <ClCompile Include="WinMain.cpp" />
  </ItemGroup>
  <ItemGroup>
    <ClInclude Include="App.h" />
    <ClInclude Include="Bindable.h" />
    <ClInclude Include="BindableBase.h" />
    <ClInclude Include="Box.h" />
    <ClInclude Include="Camera.h" />
    <ClInclude Include="Cone.h" />
    <ClInclude Include="ConstantBuffers.h" />
    <ClInclude Include="Cube.h" />
    <ClInclude Include="Cylinder.h" />
    <ClInclude Include="Drawable.h" />
    <ClInclude Include="DrawableBase.h" />
    <ClInclude Include="dxerr.h" />
    <ClInclude Include="DxgiInfoManager.h" />
    <ClInclude Include="GDIPlusManager.h" />
    <ClInclude Include="Graphics.h" />
    <ClInclude Include="GraphicsThrowMacros.h" />
    <ClInclude Include="ImguiManager.h" />
    <ClInclude Include="imgui\imconfig.h" />
    <ClInclude Include="imgui\imgui.h" />
    <ClInclude Include="imgui\imgui_impl_dx11.h" />
    <ClInclude Include="imgui\imgui_impl_win32.h" />
    <ClInclude Include="imgui\imgui_internal.h" />
    <ClInclude Include="imgui\imstb_rectpack.h" />
    <ClInclude Include="imgui\imstb_textedit.h" />
    <ClInclude Include="imgui\imstb_truetype.h" />
    <ClInclude Include="IndexBuffer.h" />
    <ClInclude Include="IndexedTriangleList.h" />
    <ClInclude Include="InputLayout.h" />
    <ClInclude Include="Keyboard.h" />
    <ClInclude Include="Melon.h" />
    <ClInclude Include="Mouse.h" />
    <ClInclude Include="PixelShader.h" />
    <ClInclude Include="Plane.h" />
    <ClInclude Include="PointLight.h" />
    <ClInclude Include="Prism.h" />
    <ClInclude Include="Pyramid.h" />
    <ClInclude Include="resource.h" />
    <ClInclude Include="Sampler.h" />
    <ClInclude Include="Sheet.h" />
    <ClInclude Include="SkinnedBox.h" />
    <ClInclude Include="SolidSphere.h" />
    <ClInclude Include="Sphere.h" />
    <ClInclude Include="Surface.h" />
    <ClInclude Include="TestObject.h" />
    <ClInclude Include="Texture.h" />
    <ClInclude Include="Timer.h" />
    <ClInclude Include="Topology.h" />
    <ClInclude Include="TransformCbuf.h" />
    <ClInclude Include="VertexBuffer.h" />
    <ClInclude Include="VertexShader.h" />
    <ClInclude Include="Win.h" />
    <ClInclude Include="Window.h" />
    <ClInclude Include="WindowsMessageMap.h" />
    <ClInclude Include="WindowsThrowMacros.h" />
    <ClInclude Include="WinException.h" />
    <ClInclude Include="WinMath.h" />
    <ClInclude Include="resource1.h" />
  </ItemGroup>
  <ItemGroup>
    <Image Include="favicon.ico" />
  </ItemGroup>
  <ItemGroup>
    <None Include="DXGetErrorDescription.inl" />
    <None Include="DXGetErrorString.inl" />
    <None Include="DXTrace.inl" />
  </ItemGroup>
  <ItemGroup>
    <Filter Include="Resource">
      <UniqueIdentifier>{741d14d7-2500-4e5c-9913-b168b206af16}</UniqueIdentifier>
    </Filter>
  </ItemGroup>
  <ItemGroup>
    <ResourceCompile Include="DirectX1.rc" />
  </ItemGroup>
</Project>